
Microsoft Visual Studio Solution File, Format Version 12.00
# Visual Studio Version 17
VisualStudioVersion = 17.8.34309.116
MinimumVisualStudioVersion = 10.0.40219.1
Project("{FAE04EC0-301F-11D3-BF4B-00C04F79EFBC}") = "TestGame", "TestGame\TestGame.csproj", "{532F0845-D66D-4A2D-A7A3-26E209EED24B}"
EndProject
Global
	GlobalSection(SolutionConfigurationPlatforms) = preSolution
		Debug|Any CPU = Debug|Any CPU
		Release|Any CPU = Release|Any CPU
	EndGlobalSection
	GlobalSection(ProjectConfigurationPlatforms) = postSolution
		{532F0845-D66D-4A2D-A7A3-26E209EED24B}.Debug|Any CPU.ActiveCfg = Debug|Any CPU
		{532F0845-D66D-4A2D-A7A3-26E209EED24B}.Debug|Any CPU.Build.0 = Debug|Any CPU
		{532F0845-D66D-4A2D-A7A3-26E209EED24B}.Release|Any CPU.ActiveCfg = Release|Any CPU
		{532F0845-D66D-4A2D-A7A3-26E209EED24B}.Release|Any CPU.Build.0 = Release|Any CPU
	EndGlobalSection
	GlobalSection(SolutionProperties) = preSolution
		HideSolutionNode = FALSE
	EndGlobalSection
	GlobalSection(ExtensibilityGlobals) = postSolution
		SolutionGuid = {747A7EF8-BBC8-4F69-A158-D663791039BE}
	EndGlobalSection
EndGlobal
